
Microsoft Visual Studio Solution File, Format Version 12.00
# Visual Studio Version 16
VisualStudioVersion = 16.0.31005.135
MinimumVisualStudioVersion = 10.0.40219.1
Project("{8BC9CEB8-8B4A-11D0-8D11-00A0C91BC942}") = "test_2021_2_13", "test_2021_2_13.vcxproj", "{3DBAB68C-FFA4-4C58-94D4-BA1110D4D773}"
EndProject
Global
	GlobalSection(SolutionConfigurationPlatforms) = preSolution
		Debug|x64 = Debug|x64
		Debug|x86 = Debug|x86
		Release|x64 = Release|x64
		Release|x86 = Release|x86
	EndGlobalSection
	GlobalSection(ProjectConfigurationPlatforms) = postSolution
		{3DBAB68C-FFA4-4C58-94D4-BA1110D4D773}.Debug|x64.ActiveCfg = Debug|x64
		{3DBAB68C-FFA4-4C58-94D4-BA1110D4D773}.Debug|x64.Build.0 = Debug|x64
		{3DBAB68C-FFA4-4C58-94D4-BA1110D4D773}.Debug|x86.ActiveCfg = Debug|Win32
		{3DBAB68C-FFA4-4C58-94D4-BA1110D4D773}.Debug|x86.Build.0 = Debug|Win32
		{3DBAB68C-FFA4-4C58-94D4-BA1110D4D773}.Release|x64.ActiveCfg = Release|x64
		{3DBAB68C-FFA4-4C58-94D4-BA1110D4D773}.Release|x64.Build.0 = Release|x64
		{3DBAB68C-FFA4-4C58-94D4-BA1110D4D773}.Release|x86.ActiveCfg = Release|Win32
		{3DBAB68C-FFA4-4C58-94D4-BA1110D4D773}.Release|x86.Build.0 = Release|Win32
	EndGlobalSection
	GlobalSection(SolutionProperties) = preSolution
		HideSolutionNode = FALSE
	EndGlobalSection
	GlobalSection(ExtensibilityGlobals) = postSolution
		SolutionGuid = {1907215B-3D58-47D8-BC51-34B885E03A73}
	EndGlobalSection
EndGlobal
