
Microsoft Visual Studio Solution File, Format Version 12.00
# Visual Studio Version 16
VisualStudioVersion = 16.0.31005.135
MinimumVisualStudioVersion = 10.0.40219.1
Project("{8BC9CEB8-8B4A-11D0-8D11-00A0C91BC942}") = "test_2021_3_3", "test_2021_3_3.vcxproj", "{3782009F-D2E5-44C3-8559-0FF72CCA5659}"
EndProject
Global
	GlobalSection(SolutionConfigurationPlatforms) = preSolution
		Debug|x64 = Debug|x64
		Debug|x86 = Debug|x86
		Release|x64 = Release|x64
		Release|x86 = Release|x86
	EndGlobalSection
	GlobalSection(ProjectConfigurationPlatforms) = postSolution
		{3782009F-D2E5-44C3-8559-0FF72CCA5659}.Debug|x64.ActiveCfg = Debug|x64
		{3782009F-D2E5-44C3-8559-0FF72CCA5659}.Debug|x64.Build.0 = Debug|x64
		{3782009F-D2E5-44C3-8559-0FF72CCA5659}.Debug|x86.ActiveCfg = Debug|Win32
		{3782009F-D2E5-44C3-8559-0FF72CCA5659}.Debug|x86.Build.0 = Debug|Win32
		{3782009F-D2E5-44C3-8559-0FF72CCA5659}.Release|x64.ActiveCfg = Release|x64
		{3782009F-D2E5-44C3-8559-0FF72CCA5659}.Release|x64.Build.0 = Release|x64
		{3782009F-D2E5-44C3-8559-0FF72CCA5659}.Release|x86.ActiveCfg = Release|Win32
		{3782009F-D2E5-44C3-8559-0FF72CCA5659}.Release|x86.Build.0 = Release|Win32
	EndGlobalSection
	GlobalSection(SolutionProperties) = preSolution
		HideSolutionNode = FALSE
	EndGlobalSection
	GlobalSection(ExtensibilityGlobals) = postSolution
		SolutionGuid = {F5B7E7D9-4A64-44FC-91F7-20EC5BD0B391}
	EndGlobalSection
EndGlobal
